
Microsoft Visual Studio Solution File, Format Version 12.00
# Visual Studio 2013
VisualStudioVersion = 12.0.31101.0
MinimumVisualStudioVersion = 10.0.40219.1
Project("{2150E333-8FDC-42A3-9474-1A3956D46DE8}") = "Api", "Api", "{06924D47-65D0-4730-86DE-E8771D08706C}"
EndProject
Project("{FAE04EC0-301F-11D3-BF4B-00C04F79EFBC}") = "WaterPoint.Api", "WaterPoint.Api\WaterPoint.Api.csproj", "{D07C3791-4669-48CD-B337-660D13F0EC2F}"
EndProject
Project("{2150E333-8FDC-42A3-9474-1A3956D46DE8}") = "App", "App", "{DBDBA4D9-3E12-4239-9FE3-9A84FBFF1CAC}"
EndProject
Project("{FAE04EC0-301F-11D3-BF4B-00C04F79EFBC}") = "WaterPoint.App", "WaterPoint.App\WaterPoint.App.csproj", "{ED910F83-F27E-4B13-AC5F-3522365A956D}"
EndProject
Project("{FAE04EC0-301F-11D3-BF4B-00C04F79EFBC}") = "WaterPoint.Api.DI", "WaterPoint.Api.DI\WaterPoint.Api.DI.csproj", "{058E9C71-3F56-436C-A5FC-B5397D458FD6}"
EndProject
Project("{2150E333-8FDC-42A3-9474-1A3956D46DE8}") = "Core", "Core", "{8A654831-C825-4014-A18F-71BE1FA194C6}"
EndProject
Project("{FAE04EC0-301F-11D3-BF4B-00C04F79EFBC}") = "WaterPoint.Data.Service", "WaterPoint.Data.Service\WaterPoint.Data.Service.csproj", "{89D321DB-8D81-4327-946E-95AC71B628DE}"
EndProject
Project("{FAE04EC0-301F-11D3-BF4B-00C04F79EFBC}") = "WaterPoint.Data.Entity", "WaterPoint.Data.Entity\WaterPoint.Data.Entity.csproj", "{DCBDC017-96EC-486D-A491-239702696A1A}"
EndProject
Project("{FAE04EC0-301F-11D3-BF4B-00C04F79EFBC}") = "WaterPoint.Api.DataContract", "WaterPoint.Api.DataContract\WaterPoint.Api.DataContract.csproj", "{FF6D70DC-1F65-43C9-BF5E-DDB08916792A}"
EndProject
Project("{FAE04EC0-301F-11D3-BF4B-00C04F79EFBC}") = "WaterPoint.Data.Bll", "WaterPoint.Data.Bll\WaterPoint.Data.Bll.csproj", "{F8E55611-76A3-4EA9-BE8E-9A57145A527D}"
EndProject
Project("{FAE04EC0-301F-11D3-BF4B-00C04F79EFBC}") = "WaterPoint.Data.ContractMapper", "WaterPoint.Data.ContractMapper\WaterPoint.Data.ContractMapper.csproj", "{348DE3FF-F592-43C0-91A1-5CAB4F3F2E53}"
EndProject
Project("{FAE04EC0-301F-11D3-BF4B-00C04F79EFBC}") = "WaterPoint.Data.Repository", "WaterPoint.Data.Repository\WaterPoint.Data.Repository.csproj", "{A5B1FD13-2461-4736-AD4F-E7708A0C38EE}"
EndProject
Project("{FAE04EC0-301F-11D3-BF4B-00C04F79EFBC}") = "WaterPoint.Data.DbContext", "WaterPoint.Data.DbContext\WaterPoint.Data.DbContext.csproj", "{FEA52468-343E-4E37-AB84-49323F940230}"
EndProject
Project("{2150E333-8FDC-42A3-9474-1A3956D46DE8}") = "Database", "Database", "{80AEB74E-3C4C-4D65-9171-545EC284BEE7}"
EndProject
Project("{00D1A9C2-B5F0-4AF3-8072-F6C62B433612}") = "WaterPoint.Database", "WaterPoint.Database\WaterPoint.Database.sqlproj", "{AF770B37-7F34-4BB4-BED7-1A4A84DB3965}"
EndProject
Project("{FAE04EC0-301F-11D3-BF4B-00C04F79EFBC}") = "Test", "Test\Test.csproj", "{A472A206-99D0-4C4B-AA8B-60D62F1B808C}"
EndProject
Global
	GlobalSection(SolutionConfigurationPlatforms) = preSolution
		Debug|Any CPU = Debug|Any CPU
		Release|Any CPU = Release|Any CPU
	EndGlobalSection
	GlobalSection(ProjectConfigurationPlatforms) = postSolution
		{D07C3791-4669-48CD-B337-660D13F0EC2F}.Debug|Any CPU.ActiveCfg = Debug|Any CPU
		{D07C3791-4669-48CD-B337-660D13F0EC2F}.Debug|Any CPU.Build.0 = Debug|Any CPU
		{D07C3791-4669-48CD-B337-660D13F0EC2F}.Release|Any CPU.ActiveCfg = Release|Any CPU
		{D07C3791-4669-48CD-B337-660D13F0EC2F}.Release|Any CPU.Build.0 = Release|Any CPU
		{ED910F83-F27E-4B13-AC5F-3522365A956D}.Debug|Any CPU.ActiveCfg = Debug|Any CPU
		{ED910F83-F27E-4B13-AC5F-3522365A956D}.Debug|Any CPU.Build.0 = Debug|Any CPU
		{ED910F83-F27E-4B13-AC5F-3522365A956D}.Release|Any CPU.ActiveCfg = Release|Any CPU
		{ED910F83-F27E-4B13-AC5F-3522365A956D}.Release|Any CPU.Build.0 = Release|Any CPU
		{058E9C71-3F56-436C-A5FC-B5397D458FD6}.Debug|Any CPU.ActiveCfg = Debug|Any CPU
		{058E9C71-3F56-436C-A5FC-B5397D458FD6}.Debug|Any CPU.Build.0 = Debug|Any CPU
		{058E9C71-3F56-436C-A5FC-B5397D458FD6}.Release|Any CPU.ActiveCfg = Release|Any CPU
		{058E9C71-3F56-436C-A5FC-B5397D458FD6}.Release|Any CPU.Build.0 = Release|Any CPU
		{89D321DB-8D81-4327-946E-95AC71B628DE}.Debug|Any CPU.ActiveCfg = Debug|Any CPU
		{89D321DB-8D81-4327-946E-95AC71B628DE}.Debug|Any CPU.Build.0 = Debug|Any CPU
		{89D321DB-8D81-4327-946E-95AC71B628DE}.Release|Any CPU.ActiveCfg = Release|Any CPU
		{89D321DB-8D81-4327-946E-95AC71B628DE}.Release|Any CPU.Build.0 = Release|Any CPU
		{DCBDC017-96EC-486D-A491-239702696A1A}.Debug|Any CPU.ActiveCfg = Debug|Any CPU
		{DCBDC017-96EC-486D-A491-239702696A1A}.Debug|Any CPU.Build.0 = Debug|Any CPU
		{DCBDC017-96EC-486D-A491-239702696A1A}.Release|Any CPU.ActiveCfg = Release|Any CPU
		{DCBDC017-96EC-486D-A491-239702696A1A}.Release|Any CPU.Build.0 = Release|Any CPU
		{FF6D70DC-1F65-43C9-BF5E-DDB08916792A}.Debug|Any CPU.ActiveCfg = Debug|Any CPU
		{FF6D70DC-1F65-43C9-BF5E-DDB08916792A}.Debug|Any CPU.Build.0 = Debug|Any CPU
		{FF6D70DC-1F65-43C9-BF5E-DDB08916792A}.Release|Any CPU.ActiveCfg = Release|Any CPU
		{FF6D70DC-1F65-43C9-BF5E-DDB08916792A}.Release|Any CPU.Build.0 = Release|Any CPU
		{F8E55611-76A3-4EA9-BE8E-9A57145A527D}.Debug|Any CPU.ActiveCfg = Debug|Any CPU
		{F8E55611-76A3-4EA9-BE8E-9A57145A527D}.Debug|Any CPU.Build.0 = Debug|Any CPU
		{F8E55611-76A3-4EA9-BE8E-9A57145A527D}.Release|Any CPU.ActiveCfg = Release|Any CPU
		{F8E55611-76A3-4EA9-BE8E-9A57145A527D}.Release|Any CPU.Build.0 = Release|Any CPU
		{348DE3FF-F592-43C0-91A1-5CAB4F3F2E53}.Debug|Any CPU.ActiveCfg = Debug|Any CPU
		{348DE3FF-F592-43C0-91A1-5CAB4F3F2E53}.Debug|Any CPU.Build.0 = Debug|Any CPU
		{348DE3FF-F592-43C0-91A1-5CAB4F3F2E53}.Release|Any CPU.ActiveCfg = Release|Any CPU
		{348DE3FF-F592-43C0-91A1-5CAB4F3F2E53}.Release|Any CPU.Build.0 = Release|Any CPU
		{A5B1FD13-2461-4736-AD4F-E7708A0C38EE}.Debug|Any CPU.ActiveCfg = Debug|Any CPU
		{A5B1FD13-2461-4736-AD4F-E7708A0C38EE}.Debug|Any CPU.Build.0 = Debug|Any CPU
		{A5B1FD13-2461-4736-AD4F-E7708A0C38EE}.Release|Any CPU.ActiveCfg = Release|Any CPU
		{A5B1FD13-2461-4736-AD4F-E7708A0C38EE}.Release|Any CPU.Build.0 = Release|Any CPU
		{FEA52468-343E-4E37-AB84-49323F940230}.Debug|Any CPU.ActiveCfg = Debug|Any CPU
		{FEA52468-343E-4E37-AB84-49323F940230}.Debug|Any CPU.Build.0 = Debug|Any CPU
		{FEA52468-343E-4E37-AB84-49323F940230}.Release|Any CPU.ActiveCfg = Release|Any CPU
		{FEA52468-343E-4E37-AB84-49323F940230}.Release|Any CPU.Build.0 = Release|Any CPU
		{AF770B37-7F34-4BB4-BED7-1A4A84DB3965}.Debug|Any CPU.ActiveCfg = Debug|Any CPU
		{AF770B37-7F34-4BB4-BED7-1A4A84DB3965}.Debug|Any CPU.Build.0 = Debug|Any CPU
		{AF770B37-7F34-4BB4-BED7-1A4A84DB3965}.Debug|Any CPU.Deploy.0 = Debug|Any CPU
		{AF770B37-7F34-4BB4-BED7-1A4A84DB3965}.Release|Any CPU.ActiveCfg = Release|Any CPU
		{AF770B37-7F34-4BB4-BED7-1A4A84DB3965}.Release|Any CPU.Build.0 = Release|Any CPU
		{AF770B37-7F34-4BB4-BED7-1A4A84DB3965}.Release|Any CPU.Deploy.0 = Release|Any CPU
		{A472A206-99D0-4C4B-AA8B-60D62F1B808C}.Debug|Any CPU.ActiveCfg = Debug|Any CPU
		{A472A206-99D0-4C4B-AA8B-60D62F1B808C}.Debug|Any CPU.Build.0 = Debug|Any CPU
		{A472A206-99D0-4C4B-AA8B-60D62F1B808C}.Release|Any CPU.ActiveCfg = Release|Any CPU
		{A472A206-99D0-4C4B-AA8B-60D62F1B808C}.Release|Any CPU.Build.0 = Release|Any CPU
	EndGlobalSection
	GlobalSection(SolutionProperties) = preSolution
		HideSolutionNode = FALSE
	EndGlobalSection
	GlobalSection(NestedProjects) = preSolution
		{D07C3791-4669-48CD-B337-660D13F0EC2F} = {06924D47-65D0-4730-86DE-E8771D08706C}
		{ED910F83-F27E-4B13-AC5F-3522365A956D} = {DBDBA4D9-3E12-4239-9FE3-9A84FBFF1CAC}
		{058E9C71-3F56-436C-A5FC-B5397D458FD6} = {06924D47-65D0-4730-86DE-E8771D08706C}
		{89D321DB-8D81-4327-946E-95AC71B628DE} = {8A654831-C825-4014-A18F-71BE1FA194C6}
		{DCBDC017-96EC-486D-A491-239702696A1A} = {8A654831-C825-4014-A18F-71BE1FA194C6}
		{FF6D70DC-1F65-43C9-BF5E-DDB08916792A} = {06924D47-65D0-4730-86DE-E8771D08706C}
		{F8E55611-76A3-4EA9-BE8E-9A57145A527D} = {8A654831-C825-4014-A18F-71BE1FA194C6}
		{348DE3FF-F592-43C0-91A1-5CAB4F3F2E53} = {8A654831-C825-4014-A18F-71BE1FA194C6}
		{A5B1FD13-2461-4736-AD4F-E7708A0C38EE} = {8A654831-C825-4014-A18F-71BE1FA194C6}
		{FEA52468-343E-4E37-AB84-49323F940230} = {8A654831-C825-4014-A18F-71BE1FA194C6}
		{AF770B37-7F34-4BB4-BED7-1A4A84DB3965} = {80AEB74E-3C4C-4D65-9171-545EC284BEE7}
	EndGlobalSection
EndGlobal
