
Microsoft Visual Studio Solution File, Format Version 12.00
# Visual Studio 14
VisualStudioVersion = 14.0.23107.0
MinimumVisualStudioVersion = 10.0.40219.1
Project("{2150E333-8FDC-42A3-9474-1A3956D46DE8}") = "Api", "Api", "{06924D47-65D0-4730-86DE-E8771D08706C}"
EndProject
Project("{FAE04EC0-301F-11D3-BF4B-00C04F79EFBC}") = "WaterPoint.Api", "WaterPoint.Api\WaterPoint.Api.csproj", "{D07C3791-4669-48CD-B337-660D13F0EC2F}"
EndProject
Project("{2150E333-8FDC-42A3-9474-1A3956D46DE8}") = "App", "App", "{DBDBA4D9-3E12-4239-9FE3-9A84FBFF1CAC}"
EndProject
Project("{FAE04EC0-301F-11D3-BF4B-00C04F79EFBC}") = "WaterPoint.App", "WaterPoint.App\WaterPoint.App.csproj", "{ED910F83-F27E-4B13-AC5F-3522365A956D}"
EndProject
Project("{2150E333-8FDC-42A3-9474-1A3956D46DE8}") = "Data", "Data", "{8A654831-C825-4014-A18F-71BE1FA194C6}"
EndProject
Project("{FAE04EC0-301F-11D3-BF4B-00C04F79EFBC}") = "WaterPoint.Data.Entity", "WaterPoint.Data.Entity\WaterPoint.Data.Entity.csproj", "{DCBDC017-96EC-486D-A491-239702696A1A}"
EndProject
Project("{FAE04EC0-301F-11D3-BF4B-00C04F79EFBC}") = "WaterPoint.Data.DbContext", "WaterPoint.Data.DbContext\WaterPoint.Data.DbContext.csproj", "{FEA52468-343E-4E37-AB84-49323F940230}"
EndProject
Project("{2150E333-8FDC-42A3-9474-1A3956D46DE8}") = "Database", "Database", "{80AEB74E-3C4C-4D65-9171-545EC284BEE7}"
EndProject
Project("{00D1A9C2-B5F0-4AF3-8072-F6C62B433612}") = "WaterPoint.Database", "WaterPoint.Database\WaterPoint.Database.sqlproj", "{AF770B37-7F34-4BB4-BED7-1A4A84DB3965}"
EndProject
Project("{FAE04EC0-301F-11D3-BF4B-00C04F79EFBC}") = "Test", "Test\Test.csproj", "{A472A206-99D0-4C4B-AA8B-60D62F1B808C}"
EndProject
Project("{FAE04EC0-301F-11D3-BF4B-00C04F79EFBC}") = "WaterPoint.App.ViewModel", "WaterPoint.App.ViewModel\WaterPoint.App.ViewModel.csproj", "{91B84CEB-5B0C-4F0B-8A94-A8C30B2C505D}"
EndProject
Project("{FAE04EC0-301F-11D3-BF4B-00C04F79EFBC}") = "Utility", "Utility\Utility.csproj", "{32862B76-53BF-453B-A8C3-9E7960441BAC}"
EndProject
Project("{FAE04EC0-301F-11D3-BF4B-00C04F79EFBC}") = "WaterPoint.App.DataProvider", "WaterPoint.App.DataProvider\WaterPoint.App.DataProvider.csproj", "{8E756BF5-71FB-4622-9623-92AEC3283EF9}"
EndProject
Project("{FAE04EC0-301F-11D3-BF4B-00C04F79EFBC}") = "WaterPoint.Core.DependencyInjection", "WaterPoint.Core.DependencyInjection\WaterPoint.Core.DependencyInjection.csproj", "{114DB23C-2257-4BAD-800D-58A5CCAEDF90}"
EndProject
Project("{FAE04EC0-301F-11D3-BF4B-00C04F79EFBC}") = "WaterPoint.Core.Contract", "WaterPoint.Core.Contract\WaterPoint.Core.Contract.csproj", "{F6B5E83F-2633-4332-9BBC-94D98498E482}"
EndProject
Project("{FAE04EC0-301F-11D3-BF4B-00C04F79EFBC}") = "WaterPoint.Core.ContractMapper", "WaterPoint.Core.ContractMapper\WaterPoint.Core.ContractMapper.csproj", "{6D50AE7D-4AE4-41A7-8663-AF3CE0DC3414}"
EndProject
Project("{FAE04EC0-301F-11D3-BF4B-00C04F79EFBC}") = "WaterPoint.Core.Domain", "WaterPoint.Core.Domain\WaterPoint.Core.Domain.csproj", "{A035AC5E-BFB1-4BE2-803C-6386E3297008}"
EndProject
Project("{FAE04EC0-301F-11D3-BF4B-00C04F79EFBC}") = "WaterPoint.Core.ApiClient", "WaterPoint.Core.ApiClient\WaterPoint.Core.ApiClient.csproj", "{A7F1BBFF-8055-4F97-9A94-03E93728F098}"
EndProject
Project("{FAE04EC0-301F-11D3-BF4B-00C04F79EFBC}") = "WaterPoint.App.Service", "WaterPoint.App.Service\WaterPoint.App.Service.csproj", "{23A9365A-63EC-4DFB-A2E3-1ECC4F766289}"
EndProject
Project("{FAE04EC0-301F-11D3-BF4B-00C04F79EFBC}") = "WaterPoint.App.DependencyInjection", "WaterPoint.App.DependencyInjection\WaterPoint.App.DependencyInjection.csproj", "{B3265D77-E5BC-4D84-8018-B01FFF618988}"
EndProject
Project("{FAE04EC0-301F-11D3-BF4B-00C04F79EFBC}") = "WaterPoint.Api.DependencyInjection", "WaterPoint.Api.DependencyInjection\WaterPoint.Api.DependencyInjection.csproj", "{5C64B219-7379-45AB-A0FC-F459EEA2AE17}"
EndProject
Project("{FAE04EC0-301F-11D3-BF4B-00C04F79EFBC}") = "WaterPoint.App.Domain", "WaterPoint.App.Domain\WaterPoint.App.Domain.csproj", "{84CF99A7-3438-48B0-9C38-B8A9281FE90C}"
EndProject
Project("{2150E333-8FDC-42A3-9474-1A3956D46DE8}") = "Core", "Core", "{A2EE6450-A4EB-43BC-ACEE-9A3F787D04F6}"
EndProject
Project("{FAE04EC0-301F-11D3-BF4B-00C04F79EFBC}") = "WaterPoint.Core.Services", "WaterPoint.Core.Services\WaterPoint.Core.Services.csproj", "{E5CB6B34-A868-4AB3-96E1-E54CA59784EA}"
EndProject
Project("{FAE04EC0-301F-11D3-BF4B-00C04F79EFBC}") = "WaterPoint.Core.Bll", "WaterPoint.Core.Bll\WaterPoint.Core.Bll.csproj", "{0750BD81-ED5A-4709-9FF0-96EE9BF89A95}"
EndProject
Project("{FAE04EC0-301F-11D3-BF4B-00C04F79EFBC}") = "WaterPoint.Core.Repository", "WaterPoint.Core.Repository\WaterPoint.Core.Repository.csproj", "{150ABF65-D5D9-48CB-8131-262F2104152A}"
EndProject
Global
	GlobalSection(SolutionConfigurationPlatforms) = preSolution
		Debug|Any CPU = Debug|Any CPU
		Release|Any CPU = Release|Any CPU
	EndGlobalSection
	GlobalSection(ProjectConfigurationPlatforms) = postSolution
		{D07C3791-4669-48CD-B337-660D13F0EC2F}.Debug|Any CPU.ActiveCfg = Debug|Any CPU
		{D07C3791-4669-48CD-B337-660D13F0EC2F}.Debug|Any CPU.Build.0 = Debug|Any CPU
		{D07C3791-4669-48CD-B337-660D13F0EC2F}.Release|Any CPU.ActiveCfg = Release|Any CPU
		{D07C3791-4669-48CD-B337-660D13F0EC2F}.Release|Any CPU.Build.0 = Release|Any CPU
		{ED910F83-F27E-4B13-AC5F-3522365A956D}.Debug|Any CPU.ActiveCfg = Debug|Any CPU
		{ED910F83-F27E-4B13-AC5F-3522365A956D}.Debug|Any CPU.Build.0 = Debug|Any CPU
		{ED910F83-F27E-4B13-AC5F-3522365A956D}.Release|Any CPU.ActiveCfg = Release|Any CPU
		{ED910F83-F27E-4B13-AC5F-3522365A956D}.Release|Any CPU.Build.0 = Release|Any CPU
		{DCBDC017-96EC-486D-A491-239702696A1A}.Debug|Any CPU.ActiveCfg = Debug|Any CPU
		{DCBDC017-96EC-486D-A491-239702696A1A}.Debug|Any CPU.Build.0 = Debug|Any CPU
		{DCBDC017-96EC-486D-A491-239702696A1A}.Release|Any CPU.ActiveCfg = Release|Any CPU
		{DCBDC017-96EC-486D-A491-239702696A1A}.Release|Any CPU.Build.0 = Release|Any CPU
		{FEA52468-343E-4E37-AB84-49323F940230}.Debug|Any CPU.ActiveCfg = Debug|Any CPU
		{FEA52468-343E-4E37-AB84-49323F940230}.Debug|Any CPU.Build.0 = Debug|Any CPU
		{FEA52468-343E-4E37-AB84-49323F940230}.Release|Any CPU.ActiveCfg = Release|Any CPU
		{FEA52468-343E-4E37-AB84-49323F940230}.Release|Any CPU.Build.0 = Release|Any CPU
		{AF770B37-7F34-4BB4-BED7-1A4A84DB3965}.Debug|Any CPU.ActiveCfg = Debug|Any CPU
		{AF770B37-7F34-4BB4-BED7-1A4A84DB3965}.Debug|Any CPU.Build.0 = Debug|Any CPU
		{AF770B37-7F34-4BB4-BED7-1A4A84DB3965}.Debug|Any CPU.Deploy.0 = Debug|Any CPU
		{AF770B37-7F34-4BB4-BED7-1A4A84DB3965}.Release|Any CPU.ActiveCfg = Release|Any CPU
		{AF770B37-7F34-4BB4-BED7-1A4A84DB3965}.Release|Any CPU.Build.0 = Release|Any CPU
		{AF770B37-7F34-4BB4-BED7-1A4A84DB3965}.Release|Any CPU.Deploy.0 = Release|Any CPU
		{A472A206-99D0-4C4B-AA8B-60D62F1B808C}.Debug|Any CPU.ActiveCfg = Debug|Any CPU
		{A472A206-99D0-4C4B-AA8B-60D62F1B808C}.Debug|Any CPU.Build.0 = Debug|Any CPU
		{A472A206-99D0-4C4B-AA8B-60D62F1B808C}.Release|Any CPU.ActiveCfg = Release|Any CPU
		{A472A206-99D0-4C4B-AA8B-60D62F1B808C}.Release|Any CPU.Build.0 = Release|Any CPU
		{91B84CEB-5B0C-4F0B-8A94-A8C30B2C505D}.Debug|Any CPU.ActiveCfg = Debug|Any CPU
		{91B84CEB-5B0C-4F0B-8A94-A8C30B2C505D}.Debug|Any CPU.Build.0 = Debug|Any CPU
		{91B84CEB-5B0C-4F0B-8A94-A8C30B2C505D}.Release|Any CPU.ActiveCfg = Release|Any CPU
		{91B84CEB-5B0C-4F0B-8A94-A8C30B2C505D}.Release|Any CPU.Build.0 = Release|Any CPU
		{32862B76-53BF-453B-A8C3-9E7960441BAC}.Debug|Any CPU.ActiveCfg = Debug|Any CPU
		{32862B76-53BF-453B-A8C3-9E7960441BAC}.Debug|Any CPU.Build.0 = Debug|Any CPU
		{32862B76-53BF-453B-A8C3-9E7960441BAC}.Release|Any CPU.ActiveCfg = Release|Any CPU
		{32862B76-53BF-453B-A8C3-9E7960441BAC}.Release|Any CPU.Build.0 = Release|Any CPU
		{8E756BF5-71FB-4622-9623-92AEC3283EF9}.Debug|Any CPU.ActiveCfg = Debug|Any CPU
		{8E756BF5-71FB-4622-9623-92AEC3283EF9}.Debug|Any CPU.Build.0 = Debug|Any CPU
		{8E756BF5-71FB-4622-9623-92AEC3283EF9}.Release|Any CPU.ActiveCfg = Release|Any CPU
		{8E756BF5-71FB-4622-9623-92AEC3283EF9}.Release|Any CPU.Build.0 = Release|Any CPU
		{114DB23C-2257-4BAD-800D-58A5CCAEDF90}.Debug|Any CPU.ActiveCfg = Debug|Any CPU
		{114DB23C-2257-4BAD-800D-58A5CCAEDF90}.Debug|Any CPU.Build.0 = Debug|Any CPU
		{114DB23C-2257-4BAD-800D-58A5CCAEDF90}.Release|Any CPU.ActiveCfg = Release|Any CPU
		{114DB23C-2257-4BAD-800D-58A5CCAEDF90}.Release|Any CPU.Build.0 = Release|Any CPU
		{F6B5E83F-2633-4332-9BBC-94D98498E482}.Debug|Any CPU.ActiveCfg = Debug|Any CPU
		{F6B5E83F-2633-4332-9BBC-94D98498E482}.Debug|Any CPU.Build.0 = Debug|Any CPU
		{F6B5E83F-2633-4332-9BBC-94D98498E482}.Release|Any CPU.ActiveCfg = Release|Any CPU
		{F6B5E83F-2633-4332-9BBC-94D98498E482}.Release|Any CPU.Build.0 = Release|Any CPU
		{6D50AE7D-4AE4-41A7-8663-AF3CE0DC3414}.Debug|Any CPU.ActiveCfg = Debug|Any CPU
		{6D50AE7D-4AE4-41A7-8663-AF3CE0DC3414}.Debug|Any CPU.Build.0 = Debug|Any CPU
		{6D50AE7D-4AE4-41A7-8663-AF3CE0DC3414}.Release|Any CPU.ActiveCfg = Release|Any CPU
		{6D50AE7D-4AE4-41A7-8663-AF3CE0DC3414}.Release|Any CPU.Build.0 = Release|Any CPU
		{A035AC5E-BFB1-4BE2-803C-6386E3297008}.Debug|Any CPU.ActiveCfg = Debug|Any CPU
		{A035AC5E-BFB1-4BE2-803C-6386E3297008}.Debug|Any CPU.Build.0 = Debug|Any CPU
		{A035AC5E-BFB1-4BE2-803C-6386E3297008}.Release|Any CPU.ActiveCfg = Release|Any CPU
		{A035AC5E-BFB1-4BE2-803C-6386E3297008}.Release|Any CPU.Build.0 = Release|Any CPU
		{A7F1BBFF-8055-4F97-9A94-03E93728F098}.Debug|Any CPU.ActiveCfg = Debug|Any CPU
		{A7F1BBFF-8055-4F97-9A94-03E93728F098}.Debug|Any CPU.Build.0 = Debug|Any CPU
		{A7F1BBFF-8055-4F97-9A94-03E93728F098}.Release|Any CPU.ActiveCfg = Release|Any CPU
		{A7F1BBFF-8055-4F97-9A94-03E93728F098}.Release|Any CPU.Build.0 = Release|Any CPU
		{23A9365A-63EC-4DFB-A2E3-1ECC4F766289}.Debug|Any CPU.ActiveCfg = Debug|Any CPU
		{23A9365A-63EC-4DFB-A2E3-1ECC4F766289}.Debug|Any CPU.Build.0 = Debug|Any CPU
		{23A9365A-63EC-4DFB-A2E3-1ECC4F766289}.Release|Any CPU.ActiveCfg = Release|Any CPU
		{23A9365A-63EC-4DFB-A2E3-1ECC4F766289}.Release|Any CPU.Build.0 = Release|Any CPU
		{B3265D77-E5BC-4D84-8018-B01FFF618988}.Debug|Any CPU.ActiveCfg = Debug|Any CPU
		{B3265D77-E5BC-4D84-8018-B01FFF618988}.Debug|Any CPU.Build.0 = Debug|Any CPU
		{B3265D77-E5BC-4D84-8018-B01FFF618988}.Release|Any CPU.ActiveCfg = Release|Any CPU
		{B3265D77-E5BC-4D84-8018-B01FFF618988}.Release|Any CPU.Build.0 = Release|Any CPU
		{5C64B219-7379-45AB-A0FC-F459EEA2AE17}.Debug|Any CPU.ActiveCfg = Debug|Any CPU
		{5C64B219-7379-45AB-A0FC-F459EEA2AE17}.Debug|Any CPU.Build.0 = Debug|Any CPU
		{5C64B219-7379-45AB-A0FC-F459EEA2AE17}.Release|Any CPU.ActiveCfg = Release|Any CPU
		{5C64B219-7379-45AB-A0FC-F459EEA2AE17}.Release|Any CPU.Build.0 = Release|Any CPU
		{84CF99A7-3438-48B0-9C38-B8A9281FE90C}.Debug|Any CPU.ActiveCfg = Debug|Any CPU
		{84CF99A7-3438-48B0-9C38-B8A9281FE90C}.Debug|Any CPU.Build.0 = Debug|Any CPU
		{84CF99A7-3438-48B0-9C38-B8A9281FE90C}.Release|Any CPU.ActiveCfg = Release|Any CPU
		{84CF99A7-3438-48B0-9C38-B8A9281FE90C}.Release|Any CPU.Build.0 = Release|Any CPU
		{E5CB6B34-A868-4AB3-96E1-E54CA59784EA}.Debug|Any CPU.ActiveCfg = Debug|Any CPU
		{E5CB6B34-A868-4AB3-96E1-E54CA59784EA}.Debug|Any CPU.Build.0 = Debug|Any CPU
		{E5CB6B34-A868-4AB3-96E1-E54CA59784EA}.Release|Any CPU.ActiveCfg = Release|Any CPU
		{E5CB6B34-A868-4AB3-96E1-E54CA59784EA}.Release|Any CPU.Build.0 = Release|Any CPU
		{0750BD81-ED5A-4709-9FF0-96EE9BF89A95}.Debug|Any CPU.ActiveCfg = Debug|Any CPU
		{0750BD81-ED5A-4709-9FF0-96EE9BF89A95}.Debug|Any CPU.Build.0 = Debug|Any CPU
		{0750BD81-ED5A-4709-9FF0-96EE9BF89A95}.Release|Any CPU.ActiveCfg = Release|Any CPU
		{0750BD81-ED5A-4709-9FF0-96EE9BF89A95}.Release|Any CPU.Build.0 = Release|Any CPU
		{150ABF65-D5D9-48CB-8131-262F2104152A}.Debug|Any CPU.ActiveCfg = Debug|Any CPU
		{150ABF65-D5D9-48CB-8131-262F2104152A}.Debug|Any CPU.Build.0 = Debug|Any CPU
		{150ABF65-D5D9-48CB-8131-262F2104152A}.Release|Any CPU.ActiveCfg = Release|Any CPU
		{150ABF65-D5D9-48CB-8131-262F2104152A}.Release|Any CPU.Build.0 = Release|Any CPU
	EndGlobalSection
	GlobalSection(SolutionProperties) = preSolution
		HideSolutionNode = FALSE
	EndGlobalSection
	GlobalSection(NestedProjects) = preSolution
		{D07C3791-4669-48CD-B337-660D13F0EC2F} = {06924D47-65D0-4730-86DE-E8771D08706C}
		{ED910F83-F27E-4B13-AC5F-3522365A956D} = {DBDBA4D9-3E12-4239-9FE3-9A84FBFF1CAC}
		{8A654831-C825-4014-A18F-71BE1FA194C6} = {06924D47-65D0-4730-86DE-E8771D08706C}
		{DCBDC017-96EC-486D-A491-239702696A1A} = {8A654831-C825-4014-A18F-71BE1FA194C6}
		{FEA52468-343E-4E37-AB84-49323F940230} = {8A654831-C825-4014-A18F-71BE1FA194C6}
		{80AEB74E-3C4C-4D65-9171-545EC284BEE7} = {06924D47-65D0-4730-86DE-E8771D08706C}
		{AF770B37-7F34-4BB4-BED7-1A4A84DB3965} = {80AEB74E-3C4C-4D65-9171-545EC284BEE7}
		{91B84CEB-5B0C-4F0B-8A94-A8C30B2C505D} = {DBDBA4D9-3E12-4239-9FE3-9A84FBFF1CAC}
		{32862B76-53BF-453B-A8C3-9E7960441BAC} = {06924D47-65D0-4730-86DE-E8771D08706C}
		{8E756BF5-71FB-4622-9623-92AEC3283EF9} = {DBDBA4D9-3E12-4239-9FE3-9A84FBFF1CAC}
		{114DB23C-2257-4BAD-800D-58A5CCAEDF90} = {A2EE6450-A4EB-43BC-ACEE-9A3F787D04F6}
		{F6B5E83F-2633-4332-9BBC-94D98498E482} = {A2EE6450-A4EB-43BC-ACEE-9A3F787D04F6}
		{6D50AE7D-4AE4-41A7-8663-AF3CE0DC3414} = {A2EE6450-A4EB-43BC-ACEE-9A3F787D04F6}
		{A035AC5E-BFB1-4BE2-803C-6386E3297008} = {A2EE6450-A4EB-43BC-ACEE-9A3F787D04F6}
		{A7F1BBFF-8055-4F97-9A94-03E93728F098} = {A2EE6450-A4EB-43BC-ACEE-9A3F787D04F6}
		{23A9365A-63EC-4DFB-A2E3-1ECC4F766289} = {DBDBA4D9-3E12-4239-9FE3-9A84FBFF1CAC}
		{B3265D77-E5BC-4D84-8018-B01FFF618988} = {DBDBA4D9-3E12-4239-9FE3-9A84FBFF1CAC}
		{5C64B219-7379-45AB-A0FC-F459EEA2AE17} = {06924D47-65D0-4730-86DE-E8771D08706C}
		{84CF99A7-3438-48B0-9C38-B8A9281FE90C} = {DBDBA4D9-3E12-4239-9FE3-9A84FBFF1CAC}
		{A2EE6450-A4EB-43BC-ACEE-9A3F787D04F6} = {06924D47-65D0-4730-86DE-E8771D08706C}
		{E5CB6B34-A868-4AB3-96E1-E54CA59784EA} = {A2EE6450-A4EB-43BC-ACEE-9A3F787D04F6}
		{0750BD81-ED5A-4709-9FF0-96EE9BF89A95} = {A2EE6450-A4EB-43BC-ACEE-9A3F787D04F6}
		{150ABF65-D5D9-48CB-8131-262F2104152A} = {A2EE6450-A4EB-43BC-ACEE-9A3F787D04F6}
	EndGlobalSection
EndGlobal
