
Microsoft Visual Studio Solution File, Format Version 12.00
# Visual Studio 14
VisualStudioVersion = 14.0.23107.0
MinimumVisualStudioVersion = 10.0.40219.1
Project("{2150E333-8FDC-42A3-9474-1A3956D46DE8}") = "Api", "Api", "{06924D47-65D0-4730-86DE-E8771D08706C}"
EndProject
Project("{2150E333-8FDC-42A3-9474-1A3956D46DE8}") = "App", "App", "{DBDBA4D9-3E12-4239-9FE3-9A84FBFF1CAC}"
EndProject
Project("{2150E333-8FDC-42A3-9474-1A3956D46DE8}") = "Data", "Data", "{8A654831-C825-4014-A18F-71BE1FA194C6}"
EndProject
Project("{FAE04EC0-301F-11D3-BF4B-00C04F79EFBC}") = "WaterPoint.Data.Entity", "WaterPoint.Data.Entity\WaterPoint.Data.Entity.csproj", "{DCBDC017-96EC-486D-A491-239702696A1A}"
EndProject
Project("{2150E333-8FDC-42A3-9474-1A3956D46DE8}") = "Database", "Database", "{80AEB74E-3C4C-4D65-9171-545EC284BEE7}"
EndProject
Project("{00D1A9C2-B5F0-4AF3-8072-F6C62B433612}") = "WaterPoint.Database", "WaterPoint.Database\WaterPoint.Database.sqlproj", "{AF770B37-7F34-4BB4-BED7-1A4A84DB3965}"
EndProject
Project("{FAE04EC0-301F-11D3-BF4B-00C04F79EFBC}") = "WaterPoint.App.DataProvider", "WaterPoint.App.DataProvider\WaterPoint.App.DataProvider.csproj", "{8E756BF5-71FB-4622-9623-92AEC3283EF9}"
EndProject
Project("{FAE04EC0-301F-11D3-BF4B-00C04F79EFBC}") = "WaterPoint.Core.DependencyInjection", "WaterPoint.Core.DependencyInjection\WaterPoint.Core.DependencyInjection.csproj", "{114DB23C-2257-4BAD-800D-58A5CCAEDF90}"
EndProject
Project("{FAE04EC0-301F-11D3-BF4B-00C04F79EFBC}") = "WaterPoint.Core.ContractMapper", "WaterPoint.Core.ContractMapper\WaterPoint.Core.ContractMapper.csproj", "{6D50AE7D-4AE4-41A7-8663-AF3CE0DC3414}"
EndProject
Project("{FAE04EC0-301F-11D3-BF4B-00C04F79EFBC}") = "WaterPoint.Core.Domain", "WaterPoint.Core.Domain\WaterPoint.Core.Domain.csproj", "{A035AC5E-BFB1-4BE2-803C-6386E3297008}"
EndProject
Project("{FAE04EC0-301F-11D3-BF4B-00C04F79EFBC}") = "WaterPoint.ApiClient", "WaterPoint.ApiClient\WaterPoint.ApiClient.csproj", "{A7F1BBFF-8055-4F97-9A94-03E93728F098}"
EndProject
Project("{FAE04EC0-301F-11D3-BF4B-00C04F79EFBC}") = "WaterPoint.Api.DependencyInjection", "WaterPoint.Api.DependencyInjection\WaterPoint.Api.DependencyInjection.csproj", "{5C64B219-7379-45AB-A0FC-F459EEA2AE17}"
EndProject
Project("{2150E333-8FDC-42A3-9474-1A3956D46DE8}") = "Core", "Core", "{A2EE6450-A4EB-43BC-ACEE-9A3F787D04F6}"
EndProject
Project("{FAE04EC0-301F-11D3-BF4B-00C04F79EFBC}") = "WaterPoint.Core.RequestProcessor", "WaterPoint.Core.RequestProcessor\WaterPoint.Core.RequestProcessor.csproj", "{E5CB6B34-A868-4AB3-96E1-E54CA59784EA}"
EndProject
Project("{2150E333-8FDC-42A3-9474-1A3956D46DE8}") = "Common", "Common", "{F6424C56-55C2-4A2F-A81D-26DCBDE0119B}"
EndProject
Project("{FAE04EC0-301F-11D3-BF4B-00C04F79EFBC}") = "Utility", "WaterPoint.Common\Utility\Utility.csproj", "{32862B76-53BF-453B-A8C3-9E7960441BAC}"
EndProject
Project("{FAE04EC0-301F-11D3-BF4B-00C04F79EFBC}") = "WaterPoint.Data.DbContext.Dapper", "WaterPoint.Data.DbContext.Dapper\WaterPoint.Data.DbContext.Dapper.csproj", "{D771751B-04B9-4CF0-9023-A5325F987B32}"
EndProject
Project("{FAE04EC0-301F-11D3-BF4B-00C04F79EFBC}") = "WaterPoint.Data.DbContext.NHibernate", "WaterPoint.Data.DbContext.NHibernate\WaterPoint.Data.DbContext.NHibernate.csproj", "{B9FC107A-7826-47D5-867F-A5397A5B560B}"
EndProject
Project("{FAE04EC0-301F-11D3-BF4B-00C04F79EFBC}") = "WaterPoint.Api.Common", "WaterPoint.Api.Common\WaterPoint.Api.Common.csproj", "{C033A553-F357-4844-805D-A4984A80226E}"
EndProject
Project("{2150E333-8FDC-42A3-9474-1A3956D46DE8}") = "Sites", "Sites", "{C3D13AD0-E96B-4ADB-9301-B2D0D68DBD80}"
EndProject
Project("{FAE04EC0-301F-11D3-BF4B-00C04F79EFBC}") = "WaterPoint.Core.Bll", "WaterPoint.Core.Bll\WaterPoint.Core.Bll.csproj", "{456075B1-80AC-47B3-851F-C31D531ADBD1}"
EndProject
Project("{FAE04EC0-301F-11D3-BF4B-00C04F79EFBC}") = "WaterPoint.Api.Customer", "WaterPoint.Api.Customer\WaterPoint.Api.Customer.csproj", "{EDA9B7D3-2249-44CB-852C-FA455A5125A6}"
EndProject
Project("{FAE04EC0-301F-11D3-BF4B-00C04F79EFBC}") = "WaterPoint.Api.BaseSite", "WaterPoint.Api.BaseSite\WaterPoint.Api.BaseSite.csproj", "{2DE5DE1D-CBBE-44F0-BC3F-3D9692D5283B}"
EndProject
Global
	GlobalSection(SolutionConfigurationPlatforms) = preSolution
		Debug|Any CPU = Debug|Any CPU
		Release|Any CPU = Release|Any CPU
	EndGlobalSection
	GlobalSection(ProjectConfigurationPlatforms) = postSolution
		{DCBDC017-96EC-486D-A491-239702696A1A}.Debug|Any CPU.ActiveCfg = Debug|Any CPU
		{DCBDC017-96EC-486D-A491-239702696A1A}.Debug|Any CPU.Build.0 = Debug|Any CPU
		{DCBDC017-96EC-486D-A491-239702696A1A}.Release|Any CPU.ActiveCfg = Release|Any CPU
		{DCBDC017-96EC-486D-A491-239702696A1A}.Release|Any CPU.Build.0 = Release|Any CPU
		{AF770B37-7F34-4BB4-BED7-1A4A84DB3965}.Debug|Any CPU.ActiveCfg = Debug|Any CPU
		{AF770B37-7F34-4BB4-BED7-1A4A84DB3965}.Debug|Any CPU.Build.0 = Debug|Any CPU
		{AF770B37-7F34-4BB4-BED7-1A4A84DB3965}.Debug|Any CPU.Deploy.0 = Debug|Any CPU
		{AF770B37-7F34-4BB4-BED7-1A4A84DB3965}.Release|Any CPU.ActiveCfg = Release|Any CPU
		{AF770B37-7F34-4BB4-BED7-1A4A84DB3965}.Release|Any CPU.Build.0 = Release|Any CPU
		{AF770B37-7F34-4BB4-BED7-1A4A84DB3965}.Release|Any CPU.Deploy.0 = Release|Any CPU
		{8E756BF5-71FB-4622-9623-92AEC3283EF9}.Debug|Any CPU.ActiveCfg = Debug|Any CPU
		{8E756BF5-71FB-4622-9623-92AEC3283EF9}.Debug|Any CPU.Build.0 = Debug|Any CPU
		{8E756BF5-71FB-4622-9623-92AEC3283EF9}.Release|Any CPU.ActiveCfg = Release|Any CPU
		{8E756BF5-71FB-4622-9623-92AEC3283EF9}.Release|Any CPU.Build.0 = Release|Any CPU
		{114DB23C-2257-4BAD-800D-58A5CCAEDF90}.Debug|Any CPU.ActiveCfg = Debug|Any CPU
		{114DB23C-2257-4BAD-800D-58A5CCAEDF90}.Debug|Any CPU.Build.0 = Debug|Any CPU
		{114DB23C-2257-4BAD-800D-58A5CCAEDF90}.Release|Any CPU.ActiveCfg = Release|Any CPU
		{114DB23C-2257-4BAD-800D-58A5CCAEDF90}.Release|Any CPU.Build.0 = Release|Any CPU
		{6D50AE7D-4AE4-41A7-8663-AF3CE0DC3414}.Debug|Any CPU.ActiveCfg = Debug|Any CPU
		{6D50AE7D-4AE4-41A7-8663-AF3CE0DC3414}.Debug|Any CPU.Build.0 = Debug|Any CPU
		{6D50AE7D-4AE4-41A7-8663-AF3CE0DC3414}.Release|Any CPU.ActiveCfg = Release|Any CPU
		{6D50AE7D-4AE4-41A7-8663-AF3CE0DC3414}.Release|Any CPU.Build.0 = Release|Any CPU
		{A035AC5E-BFB1-4BE2-803C-6386E3297008}.Debug|Any CPU.ActiveCfg = Debug|Any CPU
		{A035AC5E-BFB1-4BE2-803C-6386E3297008}.Debug|Any CPU.Build.0 = Debug|Any CPU
		{A035AC5E-BFB1-4BE2-803C-6386E3297008}.Release|Any CPU.ActiveCfg = Release|Any CPU
		{A035AC5E-BFB1-4BE2-803C-6386E3297008}.Release|Any CPU.Build.0 = Release|Any CPU
		{A7F1BBFF-8055-4F97-9A94-03E93728F098}.Debug|Any CPU.ActiveCfg = Debug|Any CPU
		{A7F1BBFF-8055-4F97-9A94-03E93728F098}.Debug|Any CPU.Build.0 = Debug|Any CPU
		{A7F1BBFF-8055-4F97-9A94-03E93728F098}.Release|Any CPU.ActiveCfg = Release|Any CPU
		{A7F1BBFF-8055-4F97-9A94-03E93728F098}.Release|Any CPU.Build.0 = Release|Any CPU
		{5C64B219-7379-45AB-A0FC-F459EEA2AE17}.Debug|Any CPU.ActiveCfg = Debug|Any CPU
		{5C64B219-7379-45AB-A0FC-F459EEA2AE17}.Debug|Any CPU.Build.0 = Debug|Any CPU
		{5C64B219-7379-45AB-A0FC-F459EEA2AE17}.Release|Any CPU.ActiveCfg = Release|Any CPU
		{5C64B219-7379-45AB-A0FC-F459EEA2AE17}.Release|Any CPU.Build.0 = Release|Any CPU
		{E5CB6B34-A868-4AB3-96E1-E54CA59784EA}.Debug|Any CPU.ActiveCfg = Debug|Any CPU
		{E5CB6B34-A868-4AB3-96E1-E54CA59784EA}.Debug|Any CPU.Build.0 = Debug|Any CPU
		{E5CB6B34-A868-4AB3-96E1-E54CA59784EA}.Release|Any CPU.ActiveCfg = Release|Any CPU
		{E5CB6B34-A868-4AB3-96E1-E54CA59784EA}.Release|Any CPU.Build.0 = Release|Any CPU
		{32862B76-53BF-453B-A8C3-9E7960441BAC}.Debug|Any CPU.ActiveCfg = Debug|Any CPU
		{32862B76-53BF-453B-A8C3-9E7960441BAC}.Debug|Any CPU.Build.0 = Debug|Any CPU
		{32862B76-53BF-453B-A8C3-9E7960441BAC}.Release|Any CPU.ActiveCfg = Release|Any CPU
		{32862B76-53BF-453B-A8C3-9E7960441BAC}.Release|Any CPU.Build.0 = Release|Any CPU
		{D771751B-04B9-4CF0-9023-A5325F987B32}.Debug|Any CPU.ActiveCfg = Debug|Any CPU
		{D771751B-04B9-4CF0-9023-A5325F987B32}.Debug|Any CPU.Build.0 = Debug|Any CPU
		{D771751B-04B9-4CF0-9023-A5325F987B32}.Release|Any CPU.ActiveCfg = Release|Any CPU
		{D771751B-04B9-4CF0-9023-A5325F987B32}.Release|Any CPU.Build.0 = Release|Any CPU
		{B9FC107A-7826-47D5-867F-A5397A5B560B}.Debug|Any CPU.ActiveCfg = Debug|Any CPU
		{B9FC107A-7826-47D5-867F-A5397A5B560B}.Debug|Any CPU.Build.0 = Debug|Any CPU
		{B9FC107A-7826-47D5-867F-A5397A5B560B}.Release|Any CPU.ActiveCfg = Release|Any CPU
		{B9FC107A-7826-47D5-867F-A5397A5B560B}.Release|Any CPU.Build.0 = Release|Any CPU
		{C033A553-F357-4844-805D-A4984A80226E}.Debug|Any CPU.ActiveCfg = Debug|Any CPU
		{C033A553-F357-4844-805D-A4984A80226E}.Debug|Any CPU.Build.0 = Debug|Any CPU
		{C033A553-F357-4844-805D-A4984A80226E}.Release|Any CPU.ActiveCfg = Release|Any CPU
		{C033A553-F357-4844-805D-A4984A80226E}.Release|Any CPU.Build.0 = Release|Any CPU
		{456075B1-80AC-47B3-851F-C31D531ADBD1}.Debug|Any CPU.ActiveCfg = Debug|Any CPU
		{456075B1-80AC-47B3-851F-C31D531ADBD1}.Debug|Any CPU.Build.0 = Debug|Any CPU
		{456075B1-80AC-47B3-851F-C31D531ADBD1}.Release|Any CPU.ActiveCfg = Release|Any CPU
		{456075B1-80AC-47B3-851F-C31D531ADBD1}.Release|Any CPU.Build.0 = Release|Any CPU
		{EDA9B7D3-2249-44CB-852C-FA455A5125A6}.Debug|Any CPU.ActiveCfg = Debug|Any CPU
		{EDA9B7D3-2249-44CB-852C-FA455A5125A6}.Debug|Any CPU.Build.0 = Debug|Any CPU
		{EDA9B7D3-2249-44CB-852C-FA455A5125A6}.Release|Any CPU.ActiveCfg = Release|Any CPU
		{EDA9B7D3-2249-44CB-852C-FA455A5125A6}.Release|Any CPU.Build.0 = Release|Any CPU
		{2DE5DE1D-CBBE-44F0-BC3F-3D9692D5283B}.Debug|Any CPU.ActiveCfg = Debug|Any CPU
		{2DE5DE1D-CBBE-44F0-BC3F-3D9692D5283B}.Debug|Any CPU.Build.0 = Debug|Any CPU
		{2DE5DE1D-CBBE-44F0-BC3F-3D9692D5283B}.Release|Any CPU.ActiveCfg = Release|Any CPU
		{2DE5DE1D-CBBE-44F0-BC3F-3D9692D5283B}.Release|Any CPU.Build.0 = Release|Any CPU
	EndGlobalSection
	GlobalSection(SolutionProperties) = preSolution
		HideSolutionNode = FALSE
	EndGlobalSection
	GlobalSection(NestedProjects) = preSolution
		{DCBDC017-96EC-486D-A491-239702696A1A} = {8A654831-C825-4014-A18F-71BE1FA194C6}
		{AF770B37-7F34-4BB4-BED7-1A4A84DB3965} = {80AEB74E-3C4C-4D65-9171-545EC284BEE7}
		{8E756BF5-71FB-4622-9623-92AEC3283EF9} = {DBDBA4D9-3E12-4239-9FE3-9A84FBFF1CAC}
		{114DB23C-2257-4BAD-800D-58A5CCAEDF90} = {A2EE6450-A4EB-43BC-ACEE-9A3F787D04F6}
		{6D50AE7D-4AE4-41A7-8663-AF3CE0DC3414} = {A2EE6450-A4EB-43BC-ACEE-9A3F787D04F6}
		{A035AC5E-BFB1-4BE2-803C-6386E3297008} = {A2EE6450-A4EB-43BC-ACEE-9A3F787D04F6}
		{A7F1BBFF-8055-4F97-9A94-03E93728F098} = {DBDBA4D9-3E12-4239-9FE3-9A84FBFF1CAC}
		{5C64B219-7379-45AB-A0FC-F459EEA2AE17} = {06924D47-65D0-4730-86DE-E8771D08706C}
		{E5CB6B34-A868-4AB3-96E1-E54CA59784EA} = {A2EE6450-A4EB-43BC-ACEE-9A3F787D04F6}
		{32862B76-53BF-453B-A8C3-9E7960441BAC} = {F6424C56-55C2-4A2F-A81D-26DCBDE0119B}
		{D771751B-04B9-4CF0-9023-A5325F987B32} = {8A654831-C825-4014-A18F-71BE1FA194C6}
		{B9FC107A-7826-47D5-867F-A5397A5B560B} = {8A654831-C825-4014-A18F-71BE1FA194C6}
		{C033A553-F357-4844-805D-A4984A80226E} = {06924D47-65D0-4730-86DE-E8771D08706C}
		{C3D13AD0-E96B-4ADB-9301-B2D0D68DBD80} = {06924D47-65D0-4730-86DE-E8771D08706C}
		{456075B1-80AC-47B3-851F-C31D531ADBD1} = {A2EE6450-A4EB-43BC-ACEE-9A3F787D04F6}
		{EDA9B7D3-2249-44CB-852C-FA455A5125A6} = {C3D13AD0-E96B-4ADB-9301-B2D0D68DBD80}
		{2DE5DE1D-CBBE-44F0-BC3F-3D9692D5283B} = {C3D13AD0-E96B-4ADB-9301-B2D0D68DBD80}
	EndGlobalSection
EndGlobal
