
Microsoft Visual Studio Solution File, Format Version 12.00
# Visual Studio 14
VisualStudioVersion = 14.0.23107.0
MinimumVisualStudioVersion = 10.0.40219.1
Project("{FAE04EC0-301F-11D3-BF4B-00C04F79EFBC}") = "WaterPoint.App", "WaterPoint.App\WaterPoint.App.csproj", "{1B57B0A3-530E-4402-88A5-E9DC7A808A6E}"
EndProject
Project("{FAE04EC0-301F-11D3-BF4B-00C04F79EFBC}") = "WaterPoint.ApiClient", "WaterPoint.ApiClient\WaterPoint.ApiClient.csproj", "{E7AEF381-8075-4A6E-8CE9-F787CC072C7D}"
EndProject
Project("{2150E333-8FDC-42A3-9474-1A3956D46DE8}") = "Common", "Common", "{10DBFF70-3DAA-43A0-B089-9886519369C4}"
EndProject
Project("{FAE04EC0-301F-11D3-BF4B-00C04F79EFBC}") = "Utility", "..\WaterPoint.Common\Utility\Utility.csproj", "{32862B76-53BF-453B-A8C3-9E7960441BAC}"
EndProject
Global
	GlobalSection(SolutionConfigurationPlatforms) = preSolution
		Debug|Any CPU = Debug|Any CPU
		Release|Any CPU = Release|Any CPU
	EndGlobalSection
	GlobalSection(ProjectConfigurationPlatforms) = postSolution
		{1B57B0A3-530E-4402-88A5-E9DC7A808A6E}.Debug|Any CPU.ActiveCfg = Debug|Any CPU
		{1B57B0A3-530E-4402-88A5-E9DC7A808A6E}.Debug|Any CPU.Build.0 = Debug|Any CPU
		{1B57B0A3-530E-4402-88A5-E9DC7A808A6E}.Release|Any CPU.ActiveCfg = Release|Any CPU
		{1B57B0A3-530E-4402-88A5-E9DC7A808A6E}.Release|Any CPU.Build.0 = Release|Any CPU
		{E7AEF381-8075-4A6E-8CE9-F787CC072C7D}.Debug|Any CPU.ActiveCfg = Debug|Any CPU
		{E7AEF381-8075-4A6E-8CE9-F787CC072C7D}.Debug|Any CPU.Build.0 = Debug|Any CPU
		{E7AEF381-8075-4A6E-8CE9-F787CC072C7D}.Release|Any CPU.ActiveCfg = Release|Any CPU
		{E7AEF381-8075-4A6E-8CE9-F787CC072C7D}.Release|Any CPU.Build.0 = Release|Any CPU
		{32862B76-53BF-453B-A8C3-9E7960441BAC}.Debug|Any CPU.ActiveCfg = Debug|Any CPU
		{32862B76-53BF-453B-A8C3-9E7960441BAC}.Debug|Any CPU.Build.0 = Debug|Any CPU
		{32862B76-53BF-453B-A8C3-9E7960441BAC}.Release|Any CPU.ActiveCfg = Release|Any CPU
		{32862B76-53BF-453B-A8C3-9E7960441BAC}.Release|Any CPU.Build.0 = Release|Any CPU
	EndGlobalSection
	GlobalSection(SolutionProperties) = preSolution
		HideSolutionNode = FALSE
	EndGlobalSection
	GlobalSection(NestedProjects) = preSolution
		{32862B76-53BF-453B-A8C3-9E7960441BAC} = {10DBFF70-3DAA-43A0-B089-9886519369C4}
	EndGlobalSection
EndGlobal
